// !$*UTF8*$!
{
	archiveVersion = 1;
	classes = {
	};
	objectVersion = 50;
	objects = {

/* Begin PBXBuildFile section */
		49765B6425ADA3270054686B /* AppDelegate.swift in Sources */ = {isa = PBXBuildFile; fileRef = 49765B6325ADA3270054686B /* AppDelegate.swift */; };
		49765B6625ADA3270054686B /* SceneDelegate.swift in Sources */ = {isa = PBXBuildFile; fileRef = 49765B6525ADA3270054686B /* SceneDelegate.swift */; };
		49765B6825ADA3270054686B /* ViewController.swift in Sources */ = {isa = PBXBuildFile; fileRef = 49765B6725ADA3270054686B /* ViewController.swift */; };
		49765B6B25ADA3270054686B /* Main.storyboard in Resources */ = {isa = PBXBuildFile; fileRef = 49765B6925ADA3270054686B /* Main.storyboard */; };
		49765B6D25ADA32A0054686B /* Assets.xcassets in Resources */ = {isa = PBXBuildFile; fileRef = 49765B6C25ADA32A0054686B /* Assets.xcassets */; };
		49765B7025ADA32A0054686B /* LaunchScreen.storyboard in Resources */ = {isa = PBXBuildFile; fileRef = 49765B6E25ADA32A0054686B /* LaunchScreen.storyboard */; };
		49765B7B25ADA4A10054686B /* NSTagView.xib in Resources */ = {isa = PBXBuildFile; fileRef = 49765B7A25ADA4A10054686B /* NSTagView.xib */; };
		49765B7F25ADA5580054686B /* NSTagCell.swift in Sources */ = {isa = PBXBuildFile; fileRef = 49765B7D25ADA5580054686B /* NSTagCell.swift */; };
		49765B8025ADA5580054686B /* NSTagCell.xib in Resources */ = {isa = PBXBuildFile; fileRef = 49765B7E25ADA5580054686B /* NSTagCell.xib */; };
		49765BE725B608130054686B /* NSTagView.swift in Sources */ = {isa = PBXBuildFile; fileRef = 49765BE625B608130054686B /* NSTagView.swift */; };
		49765BEF25B616490054686B /* NSTag.swift in Sources */ = {isa = PBXBuildFile; fileRef = 49765BEE25B616490054686B /* NSTag.swift */; };
		49765BF425B6F6630054686B /* ColorKeys.swift in Sources */ = {isa = PBXBuildFile; fileRef = 49765BF325B6F6630054686B /* ColorKeys.swift */; };
		49765BF925B6F6A10054686B /* Color.xcassets in Resources */ = {isa = PBXBuildFile; fileRef = 49765BF825B6F6A10054686B /* Color.xcassets */; };
		49765C0925B718130054686B /* NSTagsProperty.swift in Sources */ = {isa = PBXBuildFile; fileRef = 49765C0825B718130054686B /* NSTagsProperty.swift */; };
/* End PBXBuildFile section */

/* Begin PBXFileReference section */
		49765B6025ADA3270054686B /* CustomComponents.app */ = {isa = PBXFileReference; explicitFileType = wrapper.application; includeInIndex = 0; path = CustomComponents.app; sourceTree = BUILT_PRODUCTS_DIR; };
		49765B6325ADA3270054686B /* AppDelegate.swift */ = {isa = PBXFileReference; lastKnownFileType = sourcecode.swift; path = AppDelegate.swift; sourceTree = "<group>"; };
		49765B6525ADA3270054686B /* SceneDelegate.swift */ = {isa = PBXFileReference; lastKnownFileType = sourcecode.swift; path = SceneDelegate.swift; sourceTree = "<group>"; };
		49765B6725ADA3270054686B /* ViewController.swift */ = {isa = PBXFileReference; lastKnownFileType = sourcecode.swift; path = ViewController.swift; sourceTree = "<group>"; };
		49765B6A25ADA3270054686B /* Base */ = {isa = PBXFileReference; lastKnownFileType = file.storyboard; name = Base; path = Base.lproj/Main.storyboard; sourceTree = "<group>"; };
		49765B6C25ADA32A0054686B /* Assets.xcassets */ = {isa = PBXFileReference; lastKnownFileType = folder.assetcatalog; path = Assets.xcassets; sourceTree = "<group>"; };
		49765B6F25ADA32A0054686B /* Base */ = {isa = PBXFileReference; lastKnownFileType = file.storyboard; name = Base; path = Base.lproj/LaunchScreen.storyboard; sourceTree = "<group>"; };
		49765B7125ADA32A0054686B /* Info.plist */ = {isa = PBXFileReference; lastKnownFileType = text.plist.xml; path = Info.plist; sourceTree = "<group>"; };
		49765B7A25ADA4A10054686B /* NSTagView.xib */ = {isa = PBXFileReference; lastKnownFileType = file.xib; path = NSTagView.xib; sourceTree = "<group>"; };
		49765B7D25ADA5580054686B /* NSTagCell.swift */ = {isa = PBXFileReference; lastKnownFileType = sourcecode.swift; path = NSTagCell.swift; sourceTree = "<group>"; };
		49765B7E25ADA5580054686B /* NSTagCell.xib */ = {isa = PBXFileReference; lastKnownFileType = file.xib; path = NSTagCell.xib; sourceTree = "<group>"; };
		49765BE625B608130054686B /* NSTagView.swift */ = {isa = PBXFileReference; lastKnownFileType = sourcecode.swift; path = NSTagView.swift; sourceTree = "<group>"; };
		49765BEE25B616490054686B /* NSTag.swift */ = {isa = PBXFileReference; lastKnownFileType = sourcecode.swift; path = NSTag.swift; sourceTree = "<group>"; };
		49765BF325B6F6630054686B /* ColorKeys.swift */ = {isa = PBXFileReference; lastKnownFileType = sourcecode.swift; path = ColorKeys.swift; sourceTree = "<group>"; };
		49765BF825B6F6A10054686B /* Color.xcassets */ = {isa = PBXFileReference; lastKnownFileType = folder.assetcatalog; path = Color.xcassets; sourceTree = "<group>"; };
		49765C0825B718130054686B /* NSTagsProperty.swift */ = {isa = PBXFileReference; lastKnownFileType = sourcecode.swift; path = NSTagsProperty.swift; sourceTree = "<group>"; };
/* End PBXFileReference section */

/* Begin PBXFrameworksBuildPhase section */
		49765B5D25ADA3270054686B /* Frameworks */ = {
			isa = PBXFrameworksBuildPhase;
			buildActionMask = 2147483647;
			files = (
			);
			runOnlyForDeploymentPostprocessing = 0;
		};
/* End PBXFrameworksBuildPhase section */

/* Begin PBXGroup section */
		49765B5725ADA3270054686B = {
			isa = PBXGroup;
			children = (
				49765B6225ADA3270054686B /* CustomComponents */,
				49765B6125ADA3270054686B /* Products */,
			);
			sourceTree = "<group>";
		};
		49765B6125ADA3270054686B /* Products */ = {
			isa = PBXGroup;
			children = (
				49765B6025ADA3270054686B /* CustomComponents.app */,
			);
			name = Products;
			sourceTree = "<group>";
		};
		49765B6225ADA3270054686B /* CustomComponents */ = {
			isa = PBXGroup;
			children = (
				49765BF725B6F6770054686B /* Assets */,
				49765BF225B6F6540054686B /* Constants */,
				49765B7825ADA3D60054686B /* Components */,
				49765B6325ADA3270054686B /* AppDelegate.swift */,
				49765B6525ADA3270054686B /* SceneDelegate.swift */,
				49765B6725ADA3270054686B /* ViewController.swift */,
				49765B6925ADA3270054686B /* Main.storyboard */,
				49765B6E25ADA32A0054686B /* LaunchScreen.storyboard */,
				49765B7125ADA32A0054686B /* Info.plist */,
			);
			path = CustomComponents;
			sourceTree = "<group>";
		};
		49765B7825ADA3D60054686B /* Components */ = {
			isa = PBXGroup;
			children = (
				49765C0425B717D20054686B /* Tags */,
			);
			path = Components;
			sourceTree = "<group>";
		};
		49765BF225B6F6540054686B /* Constants */ = {
			isa = PBXGroup;
			children = (
				49765BF325B6F6630054686B /* ColorKeys.swift */,
			);
			path = Constants;
			sourceTree = "<group>";
		};
		49765BF725B6F6770054686B /* Assets */ = {
			isa = PBXGroup;
			children = (
				49765B6C25ADA32A0054686B /* Assets.xcassets */,
				49765BF825B6F6A10054686B /* Color.xcassets */,
			);
			path = Assets;
			sourceTree = "<group>";
		};
		49765C0425B717D20054686B /* Tags */ = {
			isa = PBXGroup;
			children = (
				49765C0725B717FF0054686B /* Models */,
				49765C0625B717F20054686B /* TagView */,
				49765C0525B717E20054686B /* TagCell */,
			);
			path = Tags;
			sourceTree = "<group>";
		};
		49765C0525B717E20054686B /* TagCell */ = {
			isa = PBXGroup;
			children = (
				49765B7E25ADA5580054686B /* NSTagCell.xib */,
				49765B7D25ADA5580054686B /* NSTagCell.swift */,
			);
			path = TagCell;
			sourceTree = "<group>";
		};
		49765C0625B717F20054686B /* TagView */ = {
			isa = PBXGroup;
			children = (
				49765B7A25ADA4A10054686B /* NSTagView.xib */,
				49765BE625B608130054686B /* NSTagView.swift */,
			);
			path = TagView;
			sourceTree = "<group>";
		};
		49765C0725B717FF0054686B /* Models */ = {
			isa = PBXGroup;
			children = (
				49765BEE25B616490054686B /* NSTag.swift */,
				49765C0825B718130054686B /* NSTagsProperty.swift */,
			);
			path = Models;
			sourceTree = "<group>";
		};
/* End PBXGroup section */

/* Begin PBXNativeTarget section */
		49765B5F25ADA3270054686B /* CustomComponents */ = {
			isa = PBXNativeTarget;
			buildConfigurationList = 49765B7425ADA32A0054686B /* Build configuration list for PBXNativeTarget "CustomComponents" */;
			buildPhases = (
				49765B5C25ADA3270054686B /* Sources */,
				49765B5D25ADA3270054686B /* Frameworks */,
				49765B5E25ADA3270054686B /* Resources */,
			);
			buildRules = (
			);
			dependencies = (
			);
			name = CustomComponents;
			productName = CustomComponents;
			productReference = 49765B6025ADA3270054686B /* CustomComponents.app */;
			productType = "com.apple.product-type.application";
		};
/* End PBXNativeTarget section */

/* Begin PBXProject section */
		49765B5825ADA3270054686B /* Project object */ = {
			isa = PBXProject;
			attributes = {
				LastSwiftUpdateCheck = 1220;
				LastUpgradeCheck = 1220;
				TargetAttributes = {
					49765B5F25ADA3270054686B = {
						CreatedOnToolsVersion = 12.2;
					};
				};
			};
			buildConfigurationList = 49765B5B25ADA3270054686B /* Build configuration list for PBXProject "CustomComponents" */;
			compatibilityVersion = "Xcode 9.3";
			developmentRegion = en;
			hasScannedForEncodings = 0;
			knownRegions = (
				en,
				Base,
			);
			mainGroup = 49765B5725ADA3270054686B;
			productRefGroup = 49765B6125ADA3270054686B /* Products */;
			projectDirPath = "";
			projectRoot = "";
			targets = (
				49765B5F25ADA3270054686B /* CustomComponents */,
			);
		};
/* End PBXProject section */

/* Begin PBXResourcesBuildPhase section */
		49765B5E25ADA3270054686B /* Resources */ = {
			isa = PBXResourcesBuildPhase;
			buildActionMask = 2147483647;
			files = (
				49765B7025ADA32A0054686B /* LaunchScreen.storyboard in Resources */,
				49765B6D25ADA32A0054686B /* Assets.xcassets in Resources */,
				49765B6B25ADA3270054686B /* Main.storyboard in Resources */,
				49765B8025ADA5580054686B /* NSTagCell.xib in Resources */,
				49765B7B25ADA4A10054686B /* NSTagView.xib in Resources */,
				49765BF925B6F6A10054686B /* Color.xcassets in Resources */,
			);
			runOnlyForDeploymentPostprocessing = 0;
		};
/* End PBXResourcesBuildPhase section */

/* Begin PBXSourcesBuildPhase section */
		49765B5C25ADA3270054686B /* Sources */ = {
			isa = PBXSourcesBuildPhase;
			buildActionMask = 2147483647;
			files = (
				49765B6825ADA3270054686B /* ViewController.swift in Sources */,
				49765BE725B608130054686B /* NSTagView.swift in Sources */,
				49765B6425ADA3270054686B /* AppDelegate.swift in Sources */,
				49765BEF25B616490054686B /* NSTag.swift in Sources */,
				49765C0925B718130054686B /* NSTagsProperty.swift in Sources */,
				49765B6625ADA3270054686B /* SceneDelegate.swift in Sources */,
				49765B7F25ADA5580054686B /* NSTagCell.swift in Sources */,
				49765BF425B6F6630054686B /* ColorKeys.swift in Sources */,
			);
			runOnlyForDeploymentPostprocessing = 0;
		};
/* End PBXSourcesBuildPhase section */

/* Begin PBXVariantGroup section */
		49765B6925ADA3270054686B /* Main.storyboard */ = {
			isa = PBXVariantGroup;
			children = (
				49765B6A25ADA3270054686B /* Base */,
			);
			name = Main.storyboard;
			sourceTree = "<group>";
		};
		49765B6E25ADA32A0054686B /* LaunchScreen.storyboard */ = {
			isa = PBXVariantGroup;
			children = (
				49765B6F25ADA32A0054686B /* Base */,
			);
			name = LaunchScreen.storyboard;
			sourceTree = "<group>";
		};
/* End PBXVariantGroup section */

/* Begin XCBuildConfiguration section */
		49765B7225ADA32A0054686B /* Debug */ = {
			isa = XCBuildConfiguration;
			buildSettings = {
				ALWAYS_SEARCH_USER_PATHS = NO;
				CLANG_ANALYZER_NONNULL = YES;
				CLANG_ANALYZER_NUMBER_OBJECT_CONVERSION = YES_AGGRESSIVE;
				CLANG_CXX_LANGUAGE_STANDARD = "gnu++14";
				CLANG_CXX_LIBRARY = "libc++";
				CLANG_ENABLE_MODULES = YES;
				CLANG_ENABLE_OBJC_ARC = YES;
				CLANG_ENABLE_OBJC_WEAK = YES;
				CLANG_WARN_BLOCK_CAPTURE_AUTORELEASING = YES;
				CLANG_WARN_BOOL_CONVERSION = YES;
				CLANG_WARN_COMMA = YES;
				CLANG_WARN_CONSTANT_CONVERSION = YES;
				CLANG_WARN_DEPRECATED_OBJC_IMPLEMENTATIONS = YES;
				CLANG_WARN_DIRECT_OBJC_ISA_USAGE = YES_ERROR;
				CLANG_WARN_DOCUMENTATION_COMMENTS = YES;
				CLANG_WARN_EMPTY_BODY = YES;
				CLANG_WARN_ENUM_CONVERSION = YES;
				CLANG_WARN_INFINITE_RECURSION = YES;
				CLANG_WARN_INT_CONVERSION = YES;
				CLANG_WARN_NON_LITERAL_NULL_CONVERSION = YES;
				CLANG_WARN_OBJC_IMPLICIT_RETAIN_SELF = YES;
				CLANG_WARN_OBJC_LITERAL_CONVERSION = YES;
				CLANG_WARN_OBJC_ROOT_CLASS = YES_ERROR;
				CLANG_WARN_QUOTED_INCLUDE_IN_FRAMEWORK_HEADER = YES;
				CLANG_WARN_RANGE_LOOP_ANALYSIS = YES;
				CLANG_WARN_STRICT_PROTOTYPES = YES;
				CLANG_WARN_SUSPICIOUS_MOVE = YES;
				CLANG_WARN_UNGUARDED_AVAILABILITY = YES_AGGRESSIVE;
				CLANG_WARN_UNREACHABLE_CODE = YES;
				CLANG_WARN__DUPLICATE_METHOD_MATCH = YES;
				COPY_PHASE_STRIP = NO;
				DEBUG_INFORMATION_FORMAT = dwarf;
				ENABLE_STRICT_OBJC_MSGSEND = YES;
				ENABLE_TESTABILITY = YES;
				GCC_C_LANGUAGE_STANDARD = gnu11;
				GCC_DYNAMIC_NO_PIC = NO;
				GCC_NO_COMMON_BLOCKS = YES;
				GCC_OPTIMIZATION_LEVEL = 0;
				GCC_PREPROCESSOR_DEFINITIONS = (
					"DEBUG=1",
					"$(inherited)",
				);
				GCC_WARN_64_TO_32_BIT_CONVERSION = YES;
				GCC_WARN_ABOUT_RETURN_TYPE = YES_ERROR;
				GCC_WARN_UNDECLARED_SELECTOR = YES;
				GCC_WARN_UNINITIALIZED_AUTOS = YES_AGGRESSIVE;
				GCC_WARN_UNUSED_FUNCTION = YES;
				GCC_WARN_UNUSED_VARIABLE = YES;
				IPHONEOS_DEPLOYMENT_TARGET = 14.2;
				MTL_ENABLE_DEBUG_INFO = INCLUDE_SOURCE;
				MTL_FAST_MATH = YES;
				ONLY_ACTIVE_ARCH = YES;
				SDKROOT = iphoneos;
				SWIFT_ACTIVE_COMPILATION_CONDITIONS = DEBUG;
				SWIFT_OPTIMIZATION_LEVEL = "-Onone";
			};
			name = Debug;
		};
		49765B7325ADA32A0054686B /* Release */ = {
			isa = XCBuildConfiguration;
			buildSettings = {
				ALWAYS_SEARCH_USER_PATHS = NO;
				CLANG_ANALYZER_NONNULL = YES;
				CLANG_ANALYZER_NUMBER_OBJECT_CONVERSION = YES_AGGRESSIVE;
				CLANG_CXX_LANGUAGE_STANDARD = "gnu++14";
				CLANG_CXX_LIBRARY = "libc++";
				CLANG_ENABLE_MODULES = YES;
				CLANG_ENABLE_OBJC_ARC = YES;
				CLANG_ENABLE_OBJC_WEAK = YES;
				CLANG_WARN_BLOCK_CAPTURE_AUTORELEASING = YES;
				CLANG_WARN_BOOL_CONVERSION = YES;
				CLANG_WARN_COMMA = YES;
				CLANG_WARN_CONSTANT_CONVERSION = YES;
				CLANG_WARN_DEPRECATED_OBJC_IMPLEMENTATIONS = YES;
				CLANG_WARN_DIRECT_OBJC_ISA_USAGE = YES_ERROR;
				CLANG_WARN_DOCUMENTATION_COMMENTS = YES;
				CLANG_WARN_EMPTY_BODY = YES;
				CLANG_WARN_ENUM_CONVERSION = YES;
				CLANG_WARN_INFINITE_RECURSION = YES;
				CLANG_WARN_INT_CONVERSION = YES;
				CLANG_WARN_NON_LITERAL_NULL_CONVERSION = YES;
				CLANG_WARN_OBJC_IMPLICIT_RETAIN_SELF = YES;
				CLANG_WARN_OBJC_LITERAL_CONVERSION = YES;
				CLANG_WARN_OBJC_ROOT_CLASS = YES_ERROR;
				CLANG_WARN_QUOTED_INCLUDE_IN_FRAMEWORK_HEADER = YES;
				CLANG_WARN_RANGE_LOOP_ANALYSIS = YES;
				CLANG_WARN_STRICT_PROTOTYPES = YES;
				CLANG_WARN_SUSPICIOUS_MOVE = YES;
				CLANG_WARN_UNGUARDED_AVAILABILITY = YES_AGGRESSIVE;
				CLANG_WARN_UNREACHABLE_CODE = YES;
				CLANG_WARN__DUPLICATE_METHOD_MATCH = YES;
				COPY_PHASE_STRIP = NO;
				DEBUG_INFORMATION_FORMAT = "dwarf-with-dsym";
				ENABLE_NS_ASSERTIONS = NO;
				ENABLE_STRICT_OBJC_MSGSEND = YES;
				GCC_C_LANGUAGE_STANDARD = gnu11;
				GCC_NO_COMMON_BLOCKS = YES;
				GCC_WARN_64_TO_32_BIT_CONVERSION = YES;
				GCC_WARN_ABOUT_RETURN_TYPE = YES_ERROR;
				GCC_WARN_UNDECLARED_SELECTOR = YES;
				GCC_WARN_UNINITIALIZED_AUTOS = YES_AGGRESSIVE;
				GCC_WARN_UNUSED_FUNCTION = YES;
				GCC_WARN_UNUSED_VARIABLE = YES;
				IPHONEOS_DEPLOYMENT_TARGET = 14.2;
				MTL_ENABLE_DEBUG_INFO = NO;
				MTL_FAST_MATH = YES;
				SDKROOT = iphoneos;
				SWIFT_COMPILATION_MODE = wholemodule;
				SWIFT_OPTIMIZATION_LEVEL = "-O";
				VALIDATE_PRODUCT = YES;
			};
			name = Release;
		};
		49765B7525ADA32A0054686B /* Debug */ = {
			isa = XCBuildConfiguration;
			buildSettings = {
				ASSETCATALOG_COMPILER_APPICON_NAME = AppIcon;
				ASSETCATALOG_COMPILER_GLOBAL_ACCENT_COLOR_NAME = AccentColor;
				CODE_SIGN_STYLE = Automatic;
				INFOPLIST_FILE = CustomComponents/Info.plist;
				LD_RUNPATH_SEARCH_PATHS = (
					"$(inherited)",
					"@executable_path/Frameworks",
				);
				PRODUCT_BUNDLE_IDENTIFIER = com.neeraj.CustomComponents;
				PRODUCT_NAME = "$(TARGET_NAME)";
				SWIFT_VERSION = 5.0;
				TARGETED_DEVICE_FAMILY = "1,2";
			};
			name = Debug;
		};
		49765B7625ADA32A0054686B /* Release */ = {
			isa = XCBuildConfiguration;
			buildSettings = {
				ASSETCATALOG_COMPILER_APPICON_NAME = AppIcon;
				ASSETCATALOG_COMPILER_GLOBAL_ACCENT_COLOR_NAME = AccentColor;
				CODE_SIGN_STYLE = Automatic;
				INFOPLIST_FILE = CustomComponents/Info.plist;
				LD_RUNPATH_SEARCH_PATHS = (
					"$(inherited)",
					"@executable_path/Frameworks",
				);
				PRODUCT_BUNDLE_IDENTIFIER = com.neeraj.CustomComponents;
				PRODUCT_NAME = "$(TARGET_NAME)";
				SWIFT_VERSION = 5.0;
				TARGETED_DEVICE_FAMILY = "1,2";
			};
			name = Release;
		};
/* End XCBuildConfiguration section */

/* Begin XCConfigurationList section */
		49765B5B25ADA3270054686B /* Build configuration list for PBXProject "CustomComponents" */ = {
			isa = XCConfigurationList;
			buildConfigurations = (
				49765B7225ADA32A0054686B /* Debug */,
				49765B7325ADA32A0054686B /* Release */,
			);
			defaultConfigurationIsVisible = 0;
			defaultConfigurationName = Release;
		};
		49765B7425ADA32A0054686B /* Build configuration list for PBXNativeTarget "CustomComponents" */ = {
			isa = XCConfigurationList;
			buildConfigurations = (
				49765B7525ADA32A0054686B /* Debug */,
				49765B7625ADA32A0054686B /* Release */,
			);
			defaultConfigurationIsVisible = 0;
			defaultConfigurationName = Release;
		};
/* End XCConfigurationList section */
	};
	rootObject = 49765B5825ADA3270054686B /* Project object */;
}
